
Microsoft Visual Studio Solution File, Format Version 12.00
# Visual Studio 15
VisualStudioVersion = 15.0.28307.168
MinimumVisualStudioVersion = 10.0.40219.1
Project("{FAE04EC0-301F-11D3-BF4B-00C04F79EFBC}") = "pi018_20190914_ConsoleApp", "pi018_20190914_ConsoleApp\pi018_20190914_ConsoleApp.csproj", "{6505327C-A21E-49D9-BC3A-E32B7F86F2D2}"
EndProject
Project("{FAE04EC0-301F-11D3-BF4B-00C04F79EFBC}") = "pi018_20190914_WinForms", "pi018_20190914_WinForms\pi018_20190914_WinForms.csproj", "{86C206A6-C0E7-48F1-9B34-6CA2E65E887B}"
EndProject
Global
	GlobalSection(SolutionConfigurationPlatforms) = preSolution
		Debug|Any CPU = Debug|Any CPU
		Release|Any CPU = Release|Any CPU
	EndGlobalSection
	GlobalSection(ProjectConfigurationPlatforms) = postSolution
		{6505327C-A21E-49D9-BC3A-E32B7F86F2D2}.Debug|Any CPU.ActiveCfg = Debug|Any CPU
		{6505327C-A21E-49D9-BC3A-E32B7F86F2D2}.Debug|Any CPU.Build.0 = Debug|Any CPU
		{6505327C-A21E-49D9-BC3A-E32B7F86F2D2}.Release|Any CPU.ActiveCfg = Release|Any CPU
		{6505327C-A21E-49D9-BC3A-E32B7F86F2D2}.Release|Any CPU.Build.0 = Release|Any CPU
		{86C206A6-C0E7-48F1-9B34-6CA2E65E887B}.Debug|Any CPU.ActiveCfg = Debug|Any CPU
		{86C206A6-C0E7-48F1-9B34-6CA2E65E887B}.Debug|Any CPU.Build.0 = Debug|Any CPU
		{86C206A6-C0E7-48F1-9B34-6CA2E65E887B}.Release|Any CPU.ActiveCfg = Release|Any CPU
		{86C206A6-C0E7-48F1-9B34-6CA2E65E887B}.Release|Any CPU.Build.0 = Release|Any CPU
	EndGlobalSection
	GlobalSection(SolutionProperties) = preSolution
		HideSolutionNode = FALSE
	EndGlobalSection
	GlobalSection(ExtensibilityGlobals) = postSolution
		SolutionGuid = {CCC066BB-3C74-4797-8C28-F5473B3DAFE3}
	EndGlobalSection
EndGlobal
